# THIS IS AN AUTOGENERATED FILE. DO NOT EDIT THIS FILE DIRECTLY.
# yarn lockfile v1


"@types/node@^18.7.23":
  "integrity" "sha512-DWNcCHolDq0ZKGizjx2DZjR/PqsYwAcYUJmfMWqtVU2MBMG5Mo+xFZrhGId5r/O5HOuMPyQEcM6KUBp5lBZZBg=="
  "resolved" "https://registry.npmjs.org/@types/node/-/node-18.7.23.tgz"
  "version" "18.7.23"

"eventemitter3@^2.0.0":
  "integrity" "sha512-jLN68Dx5kyFHaePoXWPsCGW5qdyZQtLYHkxkg02/Mz6g0kYpDx4FyP6XfArhQdlOC4b8Mv+EMxPo/8La7Tzghg=="
  "resolved" "https://registry.npmjs.org/eventemitter3/-/eventemitter3-2.0.3.tgz"
  "version" "2.0.3"

"fs@^0.0.1-security":
  "integrity" "sha512-3XY9e1pP0CVEUCdj5BmfIZxRBTSDycnbqhIOGec9QYtmVH2fbLpj86CFWkrNOkt/Fvty4KZG5lTglL9j/gJ87w=="
  "resolved" "https://registry.npmjs.org/fs/-/fs-0.0.1-security.tgz"
  "version" "0.0.1-security"

"sax@^1.2.4":
  "integrity" "sha512-NqVDv9TpANUjFm0N8uM5GxL36UgKi9/atZw+x7YFnQ8ckwFGKrl4xX4yWtrey3UJm5nP1kUbnYgLopqWNSRhWw=="
  "resolved" "https://registry.npmjs.org/sax/-/sax-1.2.4.tgz"
  "version" "1.2.4"

"tsc@^2.0.4":
  "integrity" "sha512-fzoSieZI5KKJVBYGvwbVZs/J5za84f2lSTLPYf6AGiIf43tZ3GNrI1QzTLcjtyDDP4aLxd46RTZq1nQxe7+k5Q=="
  "resolved" "https://registry.npmjs.org/tsc/-/tsc-2.0.4.tgz"
  "version" "2.0.4"

"typescript@^4.8.4":
  "integrity" "sha512-QCh+85mCy+h0IGff8r5XWzOVSbBO+KfeYrMQh7NJ58QujwcE22u+NUSmUxqF+un70P9GXKxa2HCNiTTMJknyjQ=="
  "resolved" "https://registry.npmjs.org/typescript/-/typescript-4.8.4.tgz"
  "version" "4.8.4"

"xml-js@^1.6.11":
  "integrity" "sha512-7rVi2KMfwfWFl+GpPg6m80IVMWXLRjO+PxTq7V2CDhoGak0wzYzFgUY2m4XJ47OGdXd8eLE8EmwfAmdjw7lC1g=="
  "resolved" "https://registry.npmjs.org/xml-js/-/xml-js-1.6.11.tgz"
  "version" "1.6.11"
  dependencies:
    "sax" "^1.2.4"

"xml-lexer@^0.2.2":
  "integrity" "sha512-G0i98epIwiUEiKmMcavmVdhtymW+pCAohMRgybyIME9ygfVu8QheIi+YoQh3ngiThsT0SQzJT4R0sKDEv8Ou0w=="
  "resolved" "https://registry.npmjs.org/xml-lexer/-/xml-lexer-0.2.2.tgz"
  "version" "0.2.2"
  dependencies:
    "eventemitter3" "^2.0.0"

"xml-reader@^2.4.3":
  "integrity" "sha512-xWldrIxjeAMAu6+HSf9t50ot1uL5M+BtOidRCWHXIeewvSeIpscWCsp4Zxjk8kHHhdqFBrfK8U0EJeCcnyQ/gA=="
  "resolved" "https://registry.npmjs.org/xml-reader/-/xml-reader-2.4.3.tgz"
  "version" "2.4.3"
  dependencies:
    "eventemitter3" "^2.0.0"
    "xml-lexer" "^0.2.2"
